// !$*UTF8*$!
{
	archiveVersion = 1;
	classes = {
	};
	objectVersion = 56;
	objects = {

/* Begin PBXBuildFile section */
		292184252B85F32100201A53 /* MyTableViewController.swift in Sources */ = {isa = PBXBuildFile; fileRef = 292184242B85F32100201A53 /* MyTableViewController.swift */; };
		292184272B8602BC00201A53 /* TodoViewController.swift in Sources */ = {isa = PBXBuildFile; fileRef = 292184262B8602BC00201A53 /* TodoViewController.swift */; };
		2967F8D22B84BC610065305C /* AppDelegate.swift in Sources */ = {isa = PBXBuildFile; fileRef = 2967F8D12B84BC610065305C /* AppDelegate.swift */; };
		2967F8D42B84BC610065305C /* SceneDelegate.swift in Sources */ = {isa = PBXBuildFile; fileRef = 2967F8D32B84BC610065305C /* SceneDelegate.swift */; };
		2967F8D62B84BC610065305C /* ViewController.swift in Sources */ = {isa = PBXBuildFile; fileRef = 2967F8D52B84BC610065305C /* ViewController.swift */; };
		2967F8D92B84BC610065305C /* Main.storyboard in Resources */ = {isa = PBXBuildFile; fileRef = 2967F8D72B84BC610065305C /* Main.storyboard */; };
		2967F8DB2B84BC620065305C /* Assets.xcassets in Resources */ = {isa = PBXBuildFile; fileRef = 2967F8DA2B84BC620065305C /* Assets.xcassets */; };
		2967F8DE2B84BC620065305C /* LaunchScreen.storyboard in Resources */ = {isa = PBXBuildFile; fileRef = 2967F8DC2B84BC620065305C /* LaunchScreen.storyboard */; };
		2967F8E62B84C82F0065305C /* MyViewController.swift in Sources */ = {isa = PBXBuildFile; fileRef = 2967F8E52B84C82F0065305C /* MyViewController.swift */; };
		297935B62B8743C800BE3EC5 /* GreenViewController.swift in Sources */ = {isa = PBXBuildFile; fileRef = 297935B52B8743C800BE3EC5 /* GreenViewController.swift */; };
		297935B82B8743E500BE3EC5 /* BrownViewController.swift in Sources */ = {isa = PBXBuildFile; fileRef = 297935B72B8743E500BE3EC5 /* BrownViewController.swift */; };
		297935BA2B874A5A00BE3EC5 /* ProfileViewController.swift in Sources */ = {isa = PBXBuildFile; fileRef = 297935B92B874A5A00BE3EC5 /* ProfileViewController.swift */; };
		297935BC2B874C1900BE3EC5 /* ProfileDetailViewController.swift in Sources */ = {isa = PBXBuildFile; fileRef = 297935BB2B874C1900BE3EC5 /* ProfileDetailViewController.swift */; };
/* End PBXBuildFile section */

/* Begin PBXFileReference section */
		292184242B85F32100201A53 /* MyTableViewController.swift */ = {isa = PBXFileReference; lastKnownFileType = sourcecode.swift; path = MyTableViewController.swift; sourceTree = "<group>"; };
		292184262B8602BC00201A53 /* TodoViewController.swift */ = {isa = PBXFileReference; lastKnownFileType = sourcecode.swift; path = TodoViewController.swift; sourceTree = "<group>"; };
		2967F8CE2B84BC610065305C /* MyUIKit.app */ = {isa = PBXFileReference; explicitFileType = wrapper.application; includeInIndex = 0; path = MyUIKit.app; sourceTree = BUILT_PRODUCTS_DIR; };
		2967F8D12B84BC610065305C /* AppDelegate.swift */ = {isa = PBXFileReference; lastKnownFileType = sourcecode.swift; path = AppDelegate.swift; sourceTree = "<group>"; };
		2967F8D32B84BC610065305C /* SceneDelegate.swift */ = {isa = PBXFileReference; lastKnownFileType = sourcecode.swift; path = SceneDelegate.swift; sourceTree = "<group>"; };
		2967F8D52B84BC610065305C /* ViewController.swift */ = {isa = PBXFileReference; lastKnownFileType = sourcecode.swift; path = ViewController.swift; sourceTree = "<group>"; };
		2967F8D82B84BC610065305C /* Base */ = {isa = PBXFileReference; lastKnownFileType = file.storyboard; name = Base; path = Base.lproj/Main.storyboard; sourceTree = "<group>"; };
		2967F8DA2B84BC620065305C /* Assets.xcassets */ = {isa = PBXFileReference; lastKnownFileType = folder.assetcatalog; path = Assets.xcassets; sourceTree = "<group>"; };
		2967F8DD2B84BC620065305C /* Base */ = {isa = PBXFileReference; lastKnownFileType = file.storyboard; name = Base; path = Base.lproj/LaunchScreen.storyboard; sourceTree = "<group>"; };
		2967F8DF2B84BC620065305C /* Info.plist */ = {isa = PBXFileReference; lastKnownFileType = text.plist.xml; path = Info.plist; sourceTree = "<group>"; };
		2967F8E52B84C82F0065305C /* MyViewController.swift */ = {isa = PBXFileReference; lastKnownFileType = sourcecode.swift; path = MyViewController.swift; sourceTree = "<group>"; };
		297935B52B8743C800BE3EC5 /* GreenViewController.swift */ = {isa = PBXFileReference; lastKnownFileType = sourcecode.swift; path = GreenViewController.swift; sourceTree = "<group>"; };
		297935B72B8743E500BE3EC5 /* BrownViewController.swift */ = {isa = PBXFileReference; lastKnownFileType = sourcecode.swift; path = BrownViewController.swift; sourceTree = "<group>"; };
		297935B92B874A5A00BE3EC5 /* ProfileViewController.swift */ = {isa = PBXFileReference; lastKnownFileType = sourcecode.swift; path = ProfileViewController.swift; sourceTree = "<group>"; };
		297935BB2B874C1900BE3EC5 /* ProfileDetailViewController.swift */ = {isa = PBXFileReference; lastKnownFileType = sourcecode.swift; path = ProfileDetailViewController.swift; sourceTree = "<group>"; };
/* End PBXFileReference section */

/* Begin PBXFrameworksBuildPhase section */
		2967F8CB2B84BC610065305C /* Frameworks */ = {
			isa = PBXFrameworksBuildPhase;
			buildActionMask = 2147483647;
			files = (
			);
			runOnlyForDeploymentPostprocessing = 0;
		};
/* End PBXFrameworksBuildPhase section */

/* Begin PBXGroup section */
		2967F8C52B84BC610065305C = {
			isa = PBXGroup;
			children = (
				2967F8D02B84BC610065305C /* MyUIKit */,
				2967F8CF2B84BC610065305C /* Products */,
			);
			sourceTree = "<group>";
		};
		2967F8CF2B84BC610065305C /* Products */ = {
			isa = PBXGroup;
			children = (
				2967F8CE2B84BC610065305C /* MyUIKit.app */,
			);
			name = Products;
			sourceTree = "<group>";
		};
		2967F8D02B84BC610065305C /* MyUIKit */ = {
			isa = PBXGroup;
			children = (
				2967F8D12B84BC610065305C /* AppDelegate.swift */,
				2967F8D32B84BC610065305C /* SceneDelegate.swift */,
				2967F8D52B84BC610065305C /* ViewController.swift */,
				2967F8D72B84BC610065305C /* Main.storyboard */,
				2967F8DA2B84BC620065305C /* Assets.xcassets */,
				2967F8DC2B84BC620065305C /* LaunchScreen.storyboard */,
				2967F8DF2B84BC620065305C /* Info.plist */,
				2967F8E52B84C82F0065305C /* MyViewController.swift */,
				292184242B85F32100201A53 /* MyTableViewController.swift */,
				292184262B8602BC00201A53 /* TodoViewController.swift */,
				297935B52B8743C800BE3EC5 /* GreenViewController.swift */,
				297935B72B8743E500BE3EC5 /* BrownViewController.swift */,
				297935B92B874A5A00BE3EC5 /* ProfileViewController.swift */,
				297935BB2B874C1900BE3EC5 /* ProfileDetailViewController.swift */,
			);
			path = MyUIKit;
			sourceTree = "<group>";
		};
/* End PBXGroup section */

/* Begin PBXNativeTarget section */
		2967F8CD2B84BC610065305C /* MyUIKit */ = {
			isa = PBXNativeTarget;
			buildConfigurationList = 2967F8E22B84BC620065305C /* Build configuration list for PBXNativeTarget "MyUIKit" */;
			buildPhases = (
				2967F8CA2B84BC610065305C /* Sources */,
				2967F8CB2B84BC610065305C /* Frameworks */,
				2967F8CC2B84BC610065305C /* Resources */,
			);
			buildRules = (
			);
			dependencies = (
			);
			name = MyUIKit;
			productName = MyUIKit;
			productReference = 2967F8CE2B84BC610065305C /* MyUIKit.app */;
			productType = "com.apple.product-type.application";
		};
/* End PBXNativeTarget section */

/* Begin PBXProject section */
		2967F8C62B84BC610065305C /* Project object */ = {
			isa = PBXProject;
			attributes = {
				BuildIndependentTargetsInParallel = 1;
				LastSwiftUpdateCheck = 1430;
				LastUpgradeCheck = 1430;
				TargetAttributes = {
					2967F8CD2B84BC610065305C = {
						CreatedOnToolsVersion = 14.3.1;
					};
				};
			};
			buildConfigurationList = 2967F8C92B84BC610065305C /* Build configuration list for PBXProject "MyUIKit" */;
			compatibilityVersion = "Xcode 14.0";
			developmentRegion = en;
			hasScannedForEncodings = 0;
			knownRegions = (
				en,
				Base,
			);
			mainGroup = 2967F8C52B84BC610065305C;
			productRefGroup = 2967F8CF2B84BC610065305C /* Products */;
			projectDirPath = "";
			projectRoot = "";
			targets = (
				2967F8CD2B84BC610065305C /* MyUIKit */,
			);
		};
/* End PBXProject section */

/* Begin PBXResourcesBuildPhase section */
		2967F8CC2B84BC610065305C /* Resources */ = {
			isa = PBXResourcesBuildPhase;
			buildActionMask = 2147483647;
			files = (
				2967F8DE2B84BC620065305C /* LaunchScreen.storyboard in Resources */,
				2967F8DB2B84BC620065305C /* Assets.xcassets in Resources */,
				2967F8D92B84BC610065305C /* Main.storyboard in Resources */,
			);
			runOnlyForDeploymentPostprocessing = 0;
		};
/* End PBXResourcesBuildPhase section */

/* Begin PBXSourcesBuildPhase section */
		2967F8CA2B84BC610065305C /* Sources */ = {
			isa = PBXSourcesBuildPhase;
			buildActionMask = 2147483647;
			files = (
				2967F8D62B84BC610065305C /* ViewController.swift in Sources */,
				2967F8D22B84BC610065305C /* AppDelegate.swift in Sources */,
				2967F8E62B84C82F0065305C /* MyViewController.swift in Sources */,
				297935B82B8743E500BE3EC5 /* BrownViewController.swift in Sources */,
				292184252B85F32100201A53 /* MyTableViewController.swift in Sources */,
				297935BC2B874C1900BE3EC5 /* ProfileDetailViewController.swift in Sources */,
				292184272B8602BC00201A53 /* TodoViewController.swift in Sources */,
				297935BA2B874A5A00BE3EC5 /* ProfileViewController.swift in Sources */,
				2967F8D42B84BC610065305C /* SceneDelegate.swift in Sources */,
				297935B62B8743C800BE3EC5 /* GreenViewController.swift in Sources */,
			);
			runOnlyForDeploymentPostprocessing = 0;
		};
/* End PBXSourcesBuildPhase section */

/* Begin PBXVariantGroup section */
		2967F8D72B84BC610065305C /* Main.storyboard */ = {
			isa = PBXVariantGroup;
			children = (
				2967F8D82B84BC610065305C /* Base */,
			);
			name = Main.storyboard;
			sourceTree = "<group>";
		};
		2967F8DC2B84BC620065305C /* LaunchScreen.storyboard */ = {
			isa = PBXVariantGroup;
			children = (
				2967F8DD2B84BC620065305C /* Base */,
			);
			name = LaunchScreen.storyboard;
			sourceTree = "<group>";
		};
/* End PBXVariantGroup section */

/* Begin XCBuildConfiguration section */
		2967F8E02B84BC620065305C /* Debug */ = {
			isa = XCBuildConfiguration;
			buildSettings = {
				ALWAYS_SEARCH_USER_PATHS = NO;
				CLANG_ANALYZER_NONNULL = YES;
				CLANG_ANALYZER_NUMBER_OBJECT_CONVERSION = YES_AGGRESSIVE;
				CLANG_CXX_LANGUAGE_STANDARD = "gnu++20";
				CLANG_ENABLE_MODULES = YES;
				CLANG_ENABLE_OBJC_ARC = YES;
				CLANG_ENABLE_OBJC_WEAK = YES;
				CLANG_WARN_BLOCK_CAPTURE_AUTORELEASING = YES;
				CLANG_WARN_BOOL_CONVERSION = YES;
				CLANG_WARN_COMMA = YES;
				CLANG_WARN_CONSTANT_CONVERSION = YES;
				CLANG_WARN_DEPRECATED_OBJC_IMPLEMENTATIONS = YES;
				CLANG_WARN_DIRECT_OBJC_ISA_USAGE = YES_ERROR;
				CLANG_WARN_DOCUMENTATION_COMMENTS = YES;
				CLANG_WARN_EMPTY_BODY = YES;
				CLANG_WARN_ENUM_CONVERSION = YES;
				CLANG_WARN_INFINITE_RECURSION = YES;
				CLANG_WARN_INT_CONVERSION = YES;
				CLANG_WARN_NON_LITERAL_NULL_CONVERSION = YES;
				CLANG_WARN_OBJC_IMPLICIT_RETAIN_SELF = YES;
				CLANG_WARN_OBJC_LITERAL_CONVERSION = YES;
				CLANG_WARN_OBJC_ROOT_CLASS = YES_ERROR;
				CLANG_WARN_QUOTED_INCLUDE_IN_FRAMEWORK_HEADER = YES;
				CLANG_WARN_RANGE_LOOP_ANALYSIS = YES;
				CLANG_WARN_STRICT_PROTOTYPES = YES;
				CLANG_WARN_SUSPICIOUS_MOVE = YES;
				CLANG_WARN_UNGUARDED_AVAILABILITY = YES_AGGRESSIVE;
				CLANG_WARN_UNREACHABLE_CODE = YES;
				CLANG_WARN__DUPLICATE_METHOD_MATCH = YES;
				COPY_PHASE_STRIP = NO;
				DEBUG_INFORMATION_FORMAT = dwarf;
				ENABLE_STRICT_OBJC_MSGSEND = YES;
				ENABLE_TESTABILITY = YES;
				GCC_C_LANGUAGE_STANDARD = gnu11;
				GCC_DYNAMIC_NO_PIC = NO;
				GCC_NO_COMMON_BLOCKS = YES;
				GCC_OPTIMIZATION_LEVEL = 0;
				GCC_PREPROCESSOR_DEFINITIONS = (
					"DEBUG=1",
					"$(inherited)",
				);
				GCC_WARN_64_TO_32_BIT_CONVERSION = YES;
				GCC_WARN_ABOUT_RETURN_TYPE = YES_ERROR;
				GCC_WARN_UNDECLARED_SELECTOR = YES;
				GCC_WARN_UNINITIALIZED_AUTOS = YES_AGGRESSIVE;
				GCC_WARN_UNUSED_FUNCTION = YES;
				GCC_WARN_UNUSED_VARIABLE = YES;
				IPHONEOS_DEPLOYMENT_TARGET = 16.4;
				MTL_ENABLE_DEBUG_INFO = INCLUDE_SOURCE;
				MTL_FAST_MATH = YES;
				ONLY_ACTIVE_ARCH = YES;
				SDKROOT = iphoneos;
				SWIFT_ACTIVE_COMPILATION_CONDITIONS = DEBUG;
				SWIFT_OPTIMIZATION_LEVEL = "-Onone";
			};
			name = Debug;
		};
		2967F8E12B84BC620065305C /* Release */ = {
			isa = XCBuildConfiguration;
			buildSettings = {
				ALWAYS_SEARCH_USER_PATHS = NO;
				CLANG_ANALYZER_NONNULL = YES;
				CLANG_ANALYZER_NUMBER_OBJECT_CONVERSION = YES_AGGRESSIVE;
				CLANG_CXX_LANGUAGE_STANDARD = "gnu++20";
				CLANG_ENABLE_MODULES = YES;
				CLANG_ENABLE_OBJC_ARC = YES;
				CLANG_ENABLE_OBJC_WEAK = YES;
				CLANG_WARN_BLOCK_CAPTURE_AUTORELEASING = YES;
				CLANG_WARN_BOOL_CONVERSION = YES;
				CLANG_WARN_COMMA = YES;
				CLANG_WARN_CONSTANT_CONVERSION = YES;
				CLANG_WARN_DEPRECATED_OBJC_IMPLEMENTATIONS = YES;
				CLANG_WARN_DIRECT_OBJC_ISA_USAGE = YES_ERROR;
				CLANG_WARN_DOCUMENTATION_COMMENTS = YES;
				CLANG_WARN_EMPTY_BODY = YES;
				CLANG_WARN_ENUM_CONVERSION = YES;
				CLANG_WARN_INFINITE_RECURSION = YES;
				CLANG_WARN_INT_CONVERSION = YES;
				CLANG_WARN_NON_LITERAL_NULL_CONVERSION = YES;
				CLANG_WARN_OBJC_IMPLICIT_RETAIN_SELF = YES;
				CLANG_WARN_OBJC_LITERAL_CONVERSION = YES;
				CLANG_WARN_OBJC_ROOT_CLASS = YES_ERROR;
				CLANG_WARN_QUOTED_INCLUDE_IN_FRAMEWORK_HEADER = YES;
				CLANG_WARN_RANGE_LOOP_ANALYSIS = YES;
				CLANG_WARN_STRICT_PROTOTYPES = YES;
				CLANG_WARN_SUSPICIOUS_MOVE = YES;
				CLANG_WARN_UNGUARDED_AVAILABILITY = YES_AGGRESSIVE;
				CLANG_WARN_UNREACHABLE_CODE = YES;
				CLANG_WARN__DUPLICATE_METHOD_MATCH = YES;
				COPY_PHASE_STRIP = NO;
				DEBUG_INFORMATION_FORMAT = "dwarf-with-dsym";
				ENABLE_NS_ASSERTIONS = NO;
				ENABLE_STRICT_OBJC_MSGSEND = YES;
				GCC_C_LANGUAGE_STANDARD = gnu11;
				GCC_NO_COMMON_BLOCKS = YES;
				GCC_WARN_64_TO_32_BIT_CONVERSION = YES;
				GCC_WARN_ABOUT_RETURN_TYPE = YES_ERROR;
				GCC_WARN_UNDECLARED_SELECTOR = YES;
				GCC_WARN_UNINITIALIZED_AUTOS = YES_AGGRESSIVE;
				GCC_WARN_UNUSED_FUNCTION = YES;
				GCC_WARN_UNUSED_VARIABLE = YES;
				IPHONEOS_DEPLOYMENT_TARGET = 16.4;
				MTL_ENABLE_DEBUG_INFO = NO;
				MTL_FAST_MATH = YES;
				SDKROOT = iphoneos;
				SWIFT_COMPILATION_MODE = wholemodule;
				SWIFT_OPTIMIZATION_LEVEL = "-O";
				VALIDATE_PRODUCT = YES;
			};
			name = Release;
		};
		2967F8E32B84BC620065305C /* Debug */ = {
			isa = XCBuildConfiguration;
			buildSettings = {
				ASSETCATALOG_COMPILER_APPICON_NAME = AppIcon;
				ASSETCATALOG_COMPILER_GLOBAL_ACCENT_COLOR_NAME = AccentColor;
				CODE_SIGN_STYLE = Automatic;
				CURRENT_PROJECT_VERSION = 1;
				DEVELOPMENT_TEAM = U786N6JQY5;
				GENERATE_INFOPLIST_FILE = YES;
				INFOPLIST_FILE = MyUIKit/Info.plist;
				INFOPLIST_KEY_UIApplicationSupportsIndirectInputEvents = YES;
				INFOPLIST_KEY_UILaunchStoryboardName = LaunchScreen;
				INFOPLIST_KEY_UIMainStoryboardFile = Main;
				INFOPLIST_KEY_UISupportedInterfaceOrientations_iPad = "UIInterfaceOrientationPortrait UIInterfaceOrientationPortraitUpsideDown UIInterfaceOrientationLandscapeLeft UIInterfaceOrientationLandscapeRight";
				INFOPLIST_KEY_UISupportedInterfaceOrientations_iPhone = "UIInterfaceOrientationPortrait UIInterfaceOrientationLandscapeLeft UIInterfaceOrientationLandscapeRight";
				LD_RUNPATH_SEARCH_PATHS = (
					"$(inherited)",
					"@executable_path/Frameworks",
				);
				MARKETING_VERSION = 1.0;
				PRODUCT_BUNDLE_IDENTIFIER = sjh.MyUIKit;
				PRODUCT_NAME = "$(TARGET_NAME)";
				SWIFT_EMIT_LOC_STRINGS = YES;
				SWIFT_VERSION = 5.0;
				TARGETED_DEVICE_FAMILY = "1,2";
			};
			name = Debug;
		};
		2967F8E42B84BC620065305C /* Release */ = {
			isa = XCBuildConfiguration;
			buildSettings = {
				ASSETCATALOG_COMPILER_APPICON_NAME = AppIcon;
				ASSETCATALOG_COMPILER_GLOBAL_ACCENT_COLOR_NAME = AccentColor;
				CODE_SIGN_STYLE = Automatic;
				CURRENT_PROJECT_VERSION = 1;
				DEVELOPMENT_TEAM = U786N6JQY5;
				GENERATE_INFOPLIST_FILE = YES;
				INFOPLIST_FILE = MyUIKit/Info.plist;
				INFOPLIST_KEY_UIApplicationSupportsIndirectInputEvents = YES;
				INFOPLIST_KEY_UILaunchStoryboardName = LaunchScreen;
				INFOPLIST_KEY_UIMainStoryboardFile = Main;
				INFOPLIST_KEY_UISupportedInterfaceOrientations_iPad = "UIInterfaceOrientationPortrait UIInterfaceOrientationPortraitUpsideDown UIInterfaceOrientationLandscapeLeft UIInterfaceOrientationLandscapeRight";
				INFOPLIST_KEY_UISupportedInterfaceOrientations_iPhone = "UIInterfaceOrientationPortrait UIInterfaceOrientationLandscapeLeft UIInterfaceOrientationLandscapeRight";
				LD_RUNPATH_SEARCH_PATHS = (
					"$(inherited)",
					"@executable_path/Frameworks",
				);
				MARKETING_VERSION = 1.0;
				PRODUCT_BUNDLE_IDENTIFIER = sjh.MyUIKit;
				PRODUCT_NAME = "$(TARGET_NAME)";
				SWIFT_EMIT_LOC_STRINGS = YES;
				SWIFT_VERSION = 5.0;
				TARGETED_DEVICE_FAMILY = "1,2";
			};
			name = Release;
		};
/* End XCBuildConfiguration section */

/* Begin XCConfigurationList section */
		2967F8C92B84BC610065305C /* Build configuration list for PBXProject "MyUIKit" */ = {
			isa = XCConfigurationList;
			buildConfigurations = (
				2967F8E02B84BC620065305C /* Debug */,
				2967F8E12B84BC620065305C /* Release */,
			);
			defaultConfigurationIsVisible = 0;
			defaultConfigurationName = Release;
		};
		2967F8E22B84BC620065305C /* Build configuration list for PBXNativeTarget "MyUIKit" */ = {
			isa = XCConfigurationList;
			buildConfigurations = (
				2967F8E32B84BC620065305C /* Debug */,
				2967F8E42B84BC620065305C /* Release */,
			);
			defaultConfigurationIsVisible = 0;
			defaultConfigurationName = Release;
		};
/* End XCConfigurationList section */
	};
	rootObject = 2967F8C62B84BC610065305C /* Project object */;
}
